
Microsoft Visual Studio Solution File, Format Version 12.00
# Visual Studio Version 17
VisualStudioVersion = 17.11.35327.3
MinimumVisualStudioVersion = 10.0.40219.1
Project("{9A19103F-16F7-4668-BE54-9A1E7A4F7556}") = "App", "BrickElement_CAD_Editor\App.csproj", "{8EE5D102-1C49-4823-86D2-8A05ECBE0639}"
EndProject
Project("{9A19103F-16F7-4668-BE54-9A1E7A4F7556}") = "Tests", "Tests\Tests.csproj", "{D1299AB5-EA3A-4DA1-A1C1-4F9F0015FDCD}"
EndProject
Project("{9A19103F-16F7-4668-BE54-9A1E7A4F7556}") = "Core", "Core\Core.csproj", "{82E4FD41-1D5D-4D33-95C9-F0523AD640DD}"
EndProject
Project("{9A19103F-16F7-4668-BE54-9A1E7A4F7556}") = "Utils", "Utils\Utils.csproj", "{50E56541-62BD-47D4-B316-1E8410ECAF73}"
EndProject
Global
	GlobalSection(SolutionConfigurationPlatforms) = preSolution
		Debug|Any CPU = Debug|Any CPU
		Release|Any CPU = Release|Any CPU
	EndGlobalSection
	GlobalSection(ProjectConfigurationPlatforms) = postSolution
		{8EE5D102-1C49-4823-86D2-8A05ECBE0639}.Debug|Any CPU.ActiveCfg = Debug|Any CPU
		{8EE5D102-1C49-4823-86D2-8A05ECBE0639}.Debug|Any CPU.Build.0 = Debug|Any CPU
		{8EE5D102-1C49-4823-86D2-8A05ECBE0639}.Release|Any CPU.ActiveCfg = Release|Any CPU
		{8EE5D102-1C49-4823-86D2-8A05ECBE0639}.Release|Any CPU.Build.0 = Release|Any CPU
		{D1299AB5-EA3A-4DA1-A1C1-4F9F0015FDCD}.Debug|Any CPU.ActiveCfg = Debug|Any CPU
		{D1299AB5-EA3A-4DA1-A1C1-4F9F0015FDCD}.Debug|Any CPU.Build.0 = Debug|Any CPU
		{D1299AB5-EA3A-4DA1-A1C1-4F9F0015FDCD}.Release|Any CPU.ActiveCfg = Release|Any CPU
		{D1299AB5-EA3A-4DA1-A1C1-4F9F0015FDCD}.Release|Any CPU.Build.0 = Release|Any CPU
		{82E4FD41-1D5D-4D33-95C9-F0523AD640DD}.Debug|Any CPU.ActiveCfg = Debug|Any CPU
		{82E4FD41-1D5D-4D33-95C9-F0523AD640DD}.Debug|Any CPU.Build.0 = Debug|Any CPU
		{82E4FD41-1D5D-4D33-95C9-F0523AD640DD}.Release|Any CPU.ActiveCfg = Release|Any CPU
		{82E4FD41-1D5D-4D33-95C9-F0523AD640DD}.Release|Any CPU.Build.0 = Release|Any CPU
		{50E56541-62BD-47D4-B316-1E8410ECAF73}.Debug|Any CPU.ActiveCfg = Debug|Any CPU
		{50E56541-62BD-47D4-B316-1E8410ECAF73}.Debug|Any CPU.Build.0 = Debug|Any CPU
		{50E56541-62BD-47D4-B316-1E8410ECAF73}.Release|Any CPU.ActiveCfg = Release|Any CPU
		{50E56541-62BD-47D4-B316-1E8410ECAF73}.Release|Any CPU.Build.0 = Release|Any CPU
	EndGlobalSection
	GlobalSection(SolutionProperties) = preSolution
		HideSolutionNode = FALSE
	EndGlobalSection
	GlobalSection(ExtensibilityGlobals) = postSolution
		SolutionGuid = {AD16C555-81D6-43C4-926F-EB298A85191D}
	EndGlobalSection
EndGlobal
